
Microsoft Visual Studio Solution File, Format Version 12.00
# Visual Studio Version 16
VisualStudioVersion = 16.0.30611.23
MinimumVisualStudioVersion = 10.0.40219.1
Project("{FAE04EC0-301F-11D3-BF4B-00C04F79EFBC}") = "Hash_Generator", "Hash_Generator\Hash_Generator.csproj", "{0DC09926-7EAE-44B0-A5EC-684546B6AEC8}"
EndProject
Global
	GlobalSection(SolutionConfigurationPlatforms) = preSolution
		Debug|Any CPU = Debug|Any CPU
		Release|Any CPU = Release|Any CPU
	EndGlobalSection
	GlobalSection(ProjectConfigurationPlatforms) = postSolution
		{0DC09926-7EAE-44B0-A5EC-684546B6AEC8}.Debug|Any CPU.ActiveCfg = Debug|Any CPU
		{0DC09926-7EAE-44B0-A5EC-684546B6AEC8}.Debug|Any CPU.Build.0 = Debug|Any CPU
		{0DC09926-7EAE-44B0-A5EC-684546B6AEC8}.Release|Any CPU.ActiveCfg = Release|Any CPU
		{0DC09926-7EAE-44B0-A5EC-684546B6AEC8}.Release|Any CPU.Build.0 = Release|Any CPU
	EndGlobalSection
	GlobalSection(SolutionProperties) = preSolution
		HideSolutionNode = FALSE
	EndGlobalSection
	GlobalSection(ExtensibilityGlobals) = postSolution
		SolutionGuid = {27A97C0F-B6F0-4A20-B3EE-B29A966100D4}
	EndGlobalSection
EndGlobal
